lock_version = 2
manifest_checksum = "b90e834c17b83df54ec127e63f415f12e857709ddab578aa1e2bf4fa6735d506"
target = "aarch64-apple-darwin"
generator = "1.1.7"

[root_dependencies]
"言台" = "yanxu-platform@1.0.0#a5b4b144f221-a9f81f2c5f8b299b"

[root_dev_dependencies]

[[package]]
id = "yanxu-platform@1.0.0#a5b4b144f221-a9f81f2c5f8b299b"
name = "yanxu-platform"
version = "1.0.0"
source = "path:.."
checksum = "a9f81f2c5f8b299be811e1af5e10e622e6ae1f1c455731197f0a23fad354665e"
entry = "src/主.yx"
target = "aarch64-apple-darwin"
minimum_yanxu = ">=1.1.7, <2.0.0"

[package.dependencies]

[package.exports]
"默认" = "src/主.yx"

[package.native]
abi = 2
target = "aarch64-apple-darwin"
path = "dist/aarch64-apple-darwin/libyanxu_platform_native.dylib"
checksum = "12859a10f5e24b402b481d890f5dafaa8ba1be71b8f99a3366037042f8ea3bf4"
size = 6129760
