lock_version = 2
manifest_checksum = "400703065843fed9d15553999a31853b2a1591d325eae049ad6aa93080e9f1c3"
target = "aarch64-apple-darwin"
generator = "1.1.7"

[root_dependencies]
"言台" = "yanxu-platform@0.5.0#a5b4b144f221-4cedea231e756b8a"

[root_dev_dependencies]

[[package]]
id = "yanxu-platform@0.5.0#a5b4b144f221-4cedea231e756b8a"
name = "yanxu-platform"
version = "0.5.0"
source = "path:.."
checksum = "4cedea231e756b8a2194a78911674d2b91a96496b068f7c0d06dbea6194dfcac"
entry = "src/主.yx"
target = "aarch64-apple-darwin"
minimum_yanxu = ">=1.1.7"

[package.dependencies]

[package.exports]
"默认" = "src/主.yx"

[package.native]
abi = 2
target = "aarch64-apple-darwin"
path = "dist/aarch64-apple-darwin/libyanxu_platform_native.dylib"
checksum = "c0d7858e81c9b59a4e8208be16d63ba06c1ae3caa15ca163d2424c82f85e89fc"
size = 5593840
