lock_version = 2
manifest_checksum = "995a20c0f0c9ba6aef632183bdc799e4a8968d27aab64f4e7f14d9cf870fe2ce"
target = "aarch64-apple-darwin"
generator = "1.1.7"

[root_dependencies]
"言台" = "yanxu-platform@0.4.0#a5b4b144f221-45e531cb3907ee47"

[root_dev_dependencies]

[[package]]
id = "yanxu-platform@0.4.0#a5b4b144f221-45e531cb3907ee47"
name = "yanxu-platform"
version = "0.4.0"
source = "path:.."
checksum = "45e531cb3907ee47612a597d8d13e2385fde9e2ba9a23b5881840d18dde771bd"
entry = "src/主.yx"
target = "aarch64-apple-darwin"
minimum_yanxu = ">=1.1.7"

[package.dependencies]

[package.exports]
"默认" = "src/主.yx"

[package.native]
abi = 2
target = "aarch64-apple-darwin"
path = "dist/aarch64-apple-darwin/libyanxu_platform_native.dylib"
checksum = "bc43efcd9626289e330e2c533a9c86af3bd15ef0980b76aea32fb338fb7472ec"
size = 5576368
